
Microsoft Visual Studio Solution File, Format Version 12.00
# Visual Studio Version 17
VisualStudioVersion = 17.8.34525.116
MinimumVisualStudioVersion = 10.0.40219.1
Project("{FAE04EC0-301F-11D3-BF4B-00C04F79EFBC}") = "WpfPersonalTracking", "WpfPersonalTracking\WpfPersonalTracking.csproj", "{AE025FCD-0C72-4874-85E6-3C2E0BC79C6A}"
EndProject
Global
	GlobalSection(SolutionConfigurationPlatforms) = preSolution
		Debug|Any CPU = Debug|Any CPU
		Release|Any CPU = Release|Any CPU
	EndGlobalSection
	GlobalSection(ProjectConfigurationPlatforms) = postSolution
		{AE025FCD-0C72-4874-85E6-3C2E0BC79C6A}.Debug|Any CPU.ActiveCfg = Debug|Any CPU
		{AE025FCD-0C72-4874-85E6-3C2E0BC79C6A}.Debug|Any CPU.Build.0 = Debug|Any CPU
		{AE025FCD-0C72-4874-85E6-3C2E0BC79C6A}.Release|Any CPU.ActiveCfg = Release|Any CPU
		{AE025FCD-0C72-4874-85E6-3C2E0BC79C6A}.Release|Any CPU.Build.0 = Release|Any CPU
	EndGlobalSection
	GlobalSection(SolutionProperties) = preSolution
		HideSolutionNode = FALSE
	EndGlobalSection
	GlobalSection(ExtensibilityGlobals) = postSolution
		SolutionGuid = {8D47903D-719A-4D6D-A0A0-80F7D6884A87}
	EndGlobalSection
EndGlobal
